# This file is generated by running "yarn install" inside your project.
# Manual changes might be lost - proceed with caution!

__metadata:
  version: 4
  cacheKey: 7

"@types/jquery@npm:^2.0.54":
  version: 2.0.56
  resolution: "@types/jquery@npm:2.0.56"
  checksum: 3cac915a9e6a03cd5e38f48403e594ed758a75f38df2917b7d7c655bc4ff314dc8836bda8ba958510372671a5444ab3a8d3e8342b457441daa1785d78e3b5680
  languageName: node
  linkType: hard

"bootstrap@npm:^4.5.0":
  version: 4.5.3
  resolution: "bootstrap@npm:4.5.3"
  peerDependencies:
    jquery: 1.9.1 - 3
    popper.js: ^1.16.1
  checksum: 8c8850152f535ea1f3a24ceb06baaf12557423ad02fa17d8a1517a4a46b46cee58ecf0d031fca0e4d0cce2165d3bac0c90e782eb31cf7a84dae640531f7b2f7c
  languageName: node
  linkType: hard

"chosen-js@npm:^1.8.7":
  version: 1.8.7
  resolution: "chosen-js@npm:1.8.7"
  checksum: d6476acaf462c4c5623063ab08928cdd10e964d79245943c2b9fd1ddb6a4f0d7f85b27d4aac72f58ddbd26e4dcb75fdae0b31757bd917b4cd86d0e1f8a2be036
  languageName: node
  linkType: hard

"jquery@npm:^3.5.1":
  version: 3.5.1
  resolution: "jquery@npm:3.5.1"
  checksum: c50818c84837902a60938c85786feb612f346a9918f7285409d605449460790b3815ad8aaf5806f19e89f1a79b27d327802b421ab354fe213f3fd1801e3562e6
  languageName: node
  linkType: hard

"popper.js@npm:^1.16.1":
  version: 1.16.1
  resolution: "popper.js@npm:1.16.1"
  checksum: eb53806fb7680e31c7d1db096f95438a40a7cb869f7ee0e27100c0860f11583a0d322606c6073618e7fe8865f834ec36482901b547256d9a0cf2b22434bca75d
  languageName: node
  linkType: hard

"prettier@npm:1.19.1":
  version: 1.19.1
  resolution: "prettier@npm:1.19.1"
  bin:
    prettier: ./bin-prettier.js
  checksum: e5fcdfe5e159ef5c5480245353cf8fb5bbd1b8afff266f31f281641825238f8a645e58472f77cd75a09ccc45d44c335466e8d901ec138c2bda05e1bd6ea1077c
  languageName: node
  linkType: hard

typescript@^3.9.6:
  version: 3.9.7
  resolution: "typescript@npm:3.9.7"
  bin:
    tsc: bin/tsc
    tsserver: bin/tsserver
  checksum: 10848a9c35fd8c70a8792b8bd9485317534bcd58768793d3b7d9c7486e9fd30cf345f83fa2a324e0bf6088bc8a4d8d061d58fda38b18c2ff187cf01fbbff6267
  languageName: node
  linkType: hard

"typescript@patch:typescript@^3.9.6#builtin<compat/typescript>":
  version: 3.9.7
  resolution: "typescript@patch:typescript@npm%3A3.9.7#builtin<compat/typescript>::version=3.9.7&hash=cc6730"
  bin:
    tsc: bin/tsc
    tsserver: bin/tsserver
  checksum: f0d3d9c987860c7c458229ab6dd7e3d322405db36b70abccba610b5efd9f9451e4e67a3fc7983c0d3741033c1f1a8d7aa859a1510caa8f20fad762fc39648bfa
  languageName: node
  linkType: hard

"unicode-unicorn@workspace:.":
  version: 0.0.0-use.local
  resolution: "unicode-unicorn@workspace:."
  dependencies:
    "@types/jquery": ^2.0.54
    bootstrap: ^4.5.0
    chosen-js: ^1.8.7
    jquery: ^3.5.1
    popper.js: ^1.16.1
    prettier: 1.19.1
    typescript: ^3.9.6
  languageName: unknown
  linkType: soft
