# This file is generated by running "yarn install" inside your project.
# Manual changes might be lost - proceed with caution!

__metadata:
  version: 4
  cacheKey: 7

"@types/jquery@npm:^3.5.5":
  version: 3.5.5
  resolution: "@types/jquery@npm:3.5.5"
  dependencies:
    "@types/sizzle": "*"
  checksum: 9e3c34451577c6916ac9de8a26fd8bce2831cb5861116514cba4a984189067635a3e084039308324d8e20bfa5f2e1ce7725a509110e5e05487b91f9369b1ae43
  languageName: node
  linkType: hard

"@types/sizzle@npm:*":
  version: 2.3.2
  resolution: "@types/sizzle@npm:2.3.2"
  checksum: 447a1c3f39f0e47ffdbccd1df58d63e8b67dc001f44f26f43ac8243db7834a3d956cebc8abe9272ecbdccfc8f4ec0ae74b811ccdad5b6cddaf8f0968513d618a
  languageName: node
  linkType: hard

"bootstrap@npm:^4.5.3":
  version: 4.5.3
  resolution: "bootstrap@npm:4.5.3"
  peerDependencies:
    jquery: 1.9.1 - 3
    popper.js: ^1.16.1
  checksum: 8c8850152f535ea1f3a24ceb06baaf12557423ad02fa17d8a1517a4a46b46cee58ecf0d031fca0e4d0cce2165d3bac0c90e782eb31cf7a84dae640531f7b2f7c
  languageName: node
  linkType: hard

"chosen-js@npm:^1.8.7":
  version: 1.8.7
  resolution: "chosen-js@npm:1.8.7"
  checksum: d6476acaf462c4c5623063ab08928cdd10e964d79245943c2b9fd1ddb6a4f0d7f85b27d4aac72f58ddbd26e4dcb75fdae0b31757bd917b4cd86d0e1f8a2be036
  languageName: node
  linkType: hard

"jquery@npm:^3.5.1":
  version: 3.5.1
  resolution: "jquery@npm:3.5.1"
  checksum: c50818c84837902a60938c85786feb612f346a9918f7285409d605449460790b3815ad8aaf5806f19e89f1a79b27d327802b421ab354fe213f3fd1801e3562e6
  languageName: node
  linkType: hard

"popper.js@npm:^1.16.1":
  version: 1.16.1
  resolution: "popper.js@npm:1.16.1"
  checksum: eb53806fb7680e31c7d1db096f95438a40a7cb869f7ee0e27100c0860f11583a0d322606c6073618e7fe8865f834ec36482901b547256d9a0cf2b22434bca75d
  languageName: node
  linkType: hard

"prettier@npm:2.2.1":
  version: 2.2.1
  resolution: "prettier@npm:2.2.1"
  bin:
    prettier: bin-prettier.js
  checksum: 92c6c9f4b87eba1f28466edee57dd18c80d00b858edda77d46d1950d20e6e302b68ee255fc91133ba931e63c4577b5ae30da194d9626a8f3c0177778b91bf056
  languageName: node
  linkType: hard

typescript@^4.1.3:
  version: 4.1.3
  resolution: "typescript@npm:4.1.3"
  bin:
    tsc: bin/tsc
    tsserver: bin/tsserver
  checksum: 4f7ab1506ea22c7a1c313ec5b4285e93ce08d709ad6086d02d3096adb399ca339972ee56d1e578213c51dd0fb7b0fad50283c2d3c39642405644458ae29774f8
  languageName: node
  linkType: hard

"typescript@patch:typescript@^4.1.3#builtin<compat/typescript>":
  version: 4.1.3
  resolution: "typescript@patch:typescript@npm%3A4.1.3#builtin<compat/typescript>::version=4.1.3&hash=cc6730"
  bin:
    tsc: bin/tsc
    tsserver: bin/tsserver
  checksum: 017af992148346e671d5b83b041773825888e9c94db8d2b9472cdbb6d6f0ee85927817473121524d319f8be6ffe5a6904d27ff6ef21356d2274fcadd52e17938
  languageName: node
  linkType: hard

"unicode-unicorn@workspace:.":
  version: 0.0.0-use.local
  resolution: "unicode-unicorn@workspace:."
  dependencies:
    "@types/jquery": ^3.5.5
    bootstrap: ^4.5.3
    chosen-js: ^1.8.7
    jquery: ^3.5.1
    popper.js: ^1.16.1
    prettier: 2.2.1
    typescript: ^4.1.3
  languageName: unknown
  linkType: soft
